
Microsoft Visual Studio Solution File, Format Version 12.00
# Visual Studio 15
VisualStudioVersion = 15.0.26403.0
MinimumVisualStudioVersion = 10.0.40219.1
Project("{FAE04EC0-301F-11D3-BF4B-00C04F79EFBC}") = "AwsLambdaOwin", "AwsLambdaOwin\AwsLambdaOwin.csproj", "{75378493-E3F7-4C0E-9EE0-9DA7CD0C8A84}"
EndProject
Project("{FAE04EC0-301F-11D3-BF4B-00C04F79EFBC}") = "AwsLambdaOwin.Tests", "AwsLambdaOwin.Tests\AwsLambdaOwin.Tests.csproj", "{73A01010-D321-41F5-AA31-87FFFE91EAA9}"
EndProject
Project("{300345B3-A7B4-4BEA-B3B3-F22F711F0DB8}") = "Sample", "Sample\Sample.csproj", "{27D4B29D-6AB3-477B-B5CD-0B715D3736A8}"
EndProject
Global
	GlobalSection(SolutionConfigurationPlatforms) = preSolution
		Debug|Any CPU = Debug|Any CPU
		Release|Any CPU = Release|Any CPU
	EndGlobalSection
	GlobalSection(ProjectConfigurationPlatforms) = postSolution
		{75378493-E3F7-4C0E-9EE0-9DA7CD0C8A84}.Debug|Any CPU.ActiveCfg = Debug|Any CPU
		{75378493-E3F7-4C0E-9EE0-9DA7CD0C8A84}.Debug|Any CPU.Build.0 = Debug|Any CPU
		{75378493-E3F7-4C0E-9EE0-9DA7CD0C8A84}.Release|Any CPU.ActiveCfg = Release|Any CPU
		{75378493-E3F7-4C0E-9EE0-9DA7CD0C8A84}.Release|Any CPU.Build.0 = Release|Any CPU
		{73A01010-D321-41F5-AA31-87FFFE91EAA9}.Debug|Any CPU.ActiveCfg = Debug|Any CPU
		{73A01010-D321-41F5-AA31-87FFFE91EAA9}.Debug|Any CPU.Build.0 = Debug|Any CPU
		{73A01010-D321-41F5-AA31-87FFFE91EAA9}.Release|Any CPU.ActiveCfg = Release|Any CPU
		{73A01010-D321-41F5-AA31-87FFFE91EAA9}.Release|Any CPU.Build.0 = Release|Any CPU
		{27D4B29D-6AB3-477B-B5CD-0B715D3736A8}.Debug|Any CPU.ActiveCfg = Debug|Any CPU
		{27D4B29D-6AB3-477B-B5CD-0B715D3736A8}.Debug|Any CPU.Build.0 = Debug|Any CPU
		{27D4B29D-6AB3-477B-B5CD-0B715D3736A8}.Release|Any CPU.ActiveCfg = Release|Any CPU
		{27D4B29D-6AB3-477B-B5CD-0B715D3736A8}.Release|Any CPU.Build.0 = Release|Any CPU
	EndGlobalSection
	GlobalSection(SolutionProperties) = preSolution
		HideSolutionNode = FALSE
	EndGlobalSection
EndGlobal
